
Microsoft Visual Studio Solution File, Format Version 12.00
# Visual Studio Version 17
VisualStudioVersion = 17.7.34221.43
MinimumVisualStudioVersion = 10.0.40219.1
Project("{FAE04EC0-301F-11D3-BF4B-00C04F79EFBC}") = "15-StringMethodları", "15-StringMethodları\15-StringMethodları.csproj", "{61857C8F-898D-4507-8EDA-54FF56C08801}"
EndProject
Global
	GlobalSection(SolutionConfigurationPlatforms) = preSolution
		Debug|Any CPU = Debug|Any CPU
		Release|Any CPU = Release|Any CPU
	EndGlobalSection
	GlobalSection(ProjectConfigurationPlatforms) = postSolution
		{61857C8F-898D-4507-8EDA-54FF56C08801}.Debug|Any CPU.ActiveCfg = Debug|Any CPU
		{61857C8F-898D-4507-8EDA-54FF56C08801}.Debug|Any CPU.Build.0 = Debug|Any CPU
		{61857C8F-898D-4507-8EDA-54FF56C08801}.Release|Any CPU.ActiveCfg = Release|Any CPU
		{61857C8F-898D-4507-8EDA-54FF56C08801}.Release|Any CPU.Build.0 = Release|Any CPU
	EndGlobalSection
	GlobalSection(SolutionProperties) = preSolution
		HideSolutionNode = FALSE
	EndGlobalSection
	GlobalSection(ExtensibilityGlobals) = postSolution
		SolutionGuid = {31A59CFE-E74A-4F72-8172-255D15636F90}
	EndGlobalSection
EndGlobal
