
Microsoft Visual Studio Solution File, Format Version 12.00
# Visual Studio Version 17
VisualStudioVersion = 17.7.34221.43
MinimumVisualStudioVersion = 10.0.40219.1
Project("{FAE04EC0-301F-11D3-BF4B-00C04F79EFBC}") = "4- MantiksalOperatorlerifElse", "4- MantiksalOperatorlerifElse\4- MantiksalOperatorlerifElse.csproj", "{C63714E3-37B4-48B2-90E7-F8C6AE878F2C}"
EndProject
Global
	GlobalSection(SolutionConfigurationPlatforms) = preSolution
		Debug|Any CPU = Debug|Any CPU
		Release|Any CPU = Release|Any CPU
	EndGlobalSection
	GlobalSection(ProjectConfigurationPlatforms) = postSolution
		{C63714E3-37B4-48B2-90E7-F8C6AE878F2C}.Debug|Any CPU.ActiveCfg = Debug|Any CPU
		{C63714E3-37B4-48B2-90E7-F8C6AE878F2C}.Debug|Any CPU.Build.0 = Debug|Any CPU
		{C63714E3-37B4-48B2-90E7-F8C6AE878F2C}.Release|Any CPU.ActiveCfg = Release|Any CPU
		{C63714E3-37B4-48B2-90E7-F8C6AE878F2C}.Release|Any CPU.Build.0 = Release|Any CPU
	EndGlobalSection
	GlobalSection(SolutionProperties) = preSolution
		HideSolutionNode = FALSE
	EndGlobalSection
	GlobalSection(ExtensibilityGlobals) = postSolution
		SolutionGuid = {48127E27-610F-481D-B229-8B3A0D8AB342}
	EndGlobalSection
EndGlobal
