
Microsoft Visual Studio Solution File, Format Version 12.00
# Visual Studio Version 17
VisualStudioVersion = 17.7.34221.43
MinimumVisualStudioVersion = 10.0.40219.1
Project("{FAE04EC0-301F-11D3-BF4B-00C04F79EFBC}") = "17-MethMetotlari", "17-MethMetotlari\17-MethMetotlari.csproj", "{37515C76-EB54-4813-BDD2-792300E95155}"
EndProject
Global
	GlobalSection(SolutionConfigurationPlatforms) = preSolution
		Debug|Any CPU = Debug|Any CPU
		Release|Any CPU = Release|Any CPU
	EndGlobalSection
	GlobalSection(ProjectConfigurationPlatforms) = postSolution
		{37515C76-EB54-4813-BDD2-792300E95155}.Debug|Any CPU.ActiveCfg = Debug|Any CPU
		{37515C76-EB54-4813-BDD2-792300E95155}.Debug|Any CPU.Build.0 = Debug|Any CPU
		{37515C76-EB54-4813-BDD2-792300E95155}.Release|Any CPU.ActiveCfg = Release|Any CPU
		{37515C76-EB54-4813-BDD2-792300E95155}.Release|Any CPU.Build.0 = Release|Any CPU
	EndGlobalSection
	GlobalSection(SolutionProperties) = preSolution
		HideSolutionNode = FALSE
	EndGlobalSection
	GlobalSection(ExtensibilityGlobals) = postSolution
		SolutionGuid = {BF8E60C0-3F14-4BFA-9AE7-CC6D547D45D8}
	EndGlobalSection
EndGlobal
