
Microsoft Visual Studio Solution File, Format Version 12.00
# Visual Studio Version 17
VisualStudioVersion = 17.7.34221.43
MinimumVisualStudioVersion = 10.0.40219.1
Project("{FAE04EC0-301F-11D3-BF4B-00C04F79EFBC}") = "10-Break-Continue-keywords", "10-Break-Continue-keywords\10-Break-Continue-keywords.csproj", "{16EF9D85-7382-43D1-8703-764E36A79872}"
EndProject
Global
	GlobalSection(SolutionConfigurationPlatforms) = preSolution
		Debug|Any CPU = Debug|Any CPU
		Release|Any CPU = Release|Any CPU
	EndGlobalSection
	GlobalSection(ProjectConfigurationPlatforms) = postSolution
		{16EF9D85-7382-43D1-8703-764E36A79872}.Debug|Any CPU.ActiveCfg = Debug|Any CPU
		{16EF9D85-7382-43D1-8703-764E36A79872}.Debug|Any CPU.Build.0 = Debug|Any CPU
		{16EF9D85-7382-43D1-8703-764E36A79872}.Release|Any CPU.ActiveCfg = Release|Any CPU
		{16EF9D85-7382-43D1-8703-764E36A79872}.Release|Any CPU.Build.0 = Release|Any CPU
	EndGlobalSection
	GlobalSection(SolutionProperties) = preSolution
		HideSolutionNode = FALSE
	EndGlobalSection
	GlobalSection(ExtensibilityGlobals) = postSolution
		SolutionGuid = {1A34190F-4B4D-47C1-BA57-B40D90D849C7}
	EndGlobalSection
EndGlobal
